{
  "name": "kovacs",
  "version": "0.0.1",
  "lockfileVersion": 3,
  "requires": true,
  "packages": {
    "": {
      "name": "kovacs",
      "version": "0.0.1",
      "license": "ISC",
      "devDependencies": {
        "chrome-types": "^0.1.160"
      }
    },
    "node_modules/chrome-types": {
      "version": "0.1.160",
      "resolved": "https://registry.npmjs.org/chrome-types/-/chrome-types-0.1.160.tgz",
      "integrity": "sha512-lwbzAiNTixsgE/ZMZN+PSa7wNKifYLAy5SonVr6EJ032tKTTJ7rrOpnf3bGMLYbVO2jTUdh3SZqd4lreN+4mNg==",
      "dev": true
    }
  }
}
